
Microsoft Visual Studio Solution File, Format Version 12.00
# Visual Studio 15
VisualStudioVersion = 15.0.28307.960
MinimumVisualStudioVersion = 10.0.40219.1
Project("{FAE04EC0-301F-11D3-BF4B-00C04F79EFBC}") = "pfeCLS_website", "pfeCLS_website\pfeCLS_website.csproj", "{65E1FC0C-2A90-4568-99CD-CF616FA9ED93}"
EndProject
Global
	GlobalSection(SolutionConfigurationPlatforms) = preSolution
		Debug|Any CPU = Debug|Any CPU
		Release|Any CPU = Release|Any CPU
	EndGlobalSection
	GlobalSection(ProjectConfigurationPlatforms) = postSolution
		{65E1FC0C-2A90-4568-99CD-CF616FA9ED93}.Debug|Any CPU.ActiveCfg = Debug|Any CPU
		{65E1FC0C-2A90-4568-99CD-CF616FA9ED93}.Debug|Any CPU.Build.0 = Debug|Any CPU
		{65E1FC0C-2A90-4568-99CD-CF616FA9ED93}.Release|Any CPU.ActiveCfg = Release|Any CPU
		{65E1FC0C-2A90-4568-99CD-CF616FA9ED93}.Release|Any CPU.Build.0 = Release|Any CPU
	EndGlobalSection
	GlobalSection(SolutionProperties) = preSolution
		HideSolutionNode = FALSE
	EndGlobalSection
	GlobalSection(ExtensibilityGlobals) = postSolution
		SolutionGuid = {79CF417B-9668-4040-A91E-5C925BDC0D1E}
	EndGlobalSection
EndGlobal
